
Microsoft Visual Studio Solution File, Format Version 12.00
Project("{F2A71F9B-5D33-465A-A702-920D77279786}") = "day 01", "day 01\day 01.fsproj", "{49B7048C-4708-47A5-B6B4-2487BCA3B82C}"
EndProject
Project("{F2A71F9B-5D33-465A-A702-920D77279786}") = "day 02", "day 02\day 02.fsproj", "{9D4A9832-506F-447E-8540-5C009DC92276}"
EndProject
Project("{F2A71F9B-5D33-465A-A702-920D77279786}") = "Common", "Common\Common.fsproj", "{DDDE56AC-9765-4AE8-BAA9-CDAF4DCC52FC}"
EndProject
Project("{F2A71F9B-5D33-465A-A702-920D77279786}") = "day 03", "day 03\day 03.fsproj", "{A28BBE15-2D5C-46B0-A4B7-905E39B9D4FF}"
EndProject
Project("{F2A71F9B-5D33-465A-A702-920D77279786}") = "day 04", "day 04\day 04.fsproj", "{F91BDA45-5FD2-4205-BBBB-24453559C3F4}"
EndProject
Project("{F2A71F9B-5D33-465A-A702-920D77279786}") = "day 05", "day 05\day 05.fsproj", "{A0812E40-1D69-41BC-A1E3-28E5AD0693BF}"
EndProject
Project("{F2A71F9B-5D33-465A-A702-920D77279786}") = "day 06", "day 06\day 06.fsproj", "{F24CB5DD-D5B5-47DA-8142-B4511719401C}"
EndProject
Project("{F2A71F9B-5D33-465A-A702-920D77279786}") = "day 07", "day 07\day 07.fsproj", "{F1E8EE98-AD29-4F6B-A1C6-512005F7F9F5}"
EndProject
Project("{F2A71F9B-5D33-465A-A702-920D77279786}") = "day 08", "day 08\day 08.fsproj", "{9B1246BB-30BD-4B70-B026-1377F5F2C797}"
EndProject
Project("{F2A71F9B-5D33-465A-A702-920D77279786}") = "day 09", "day 09\day 09.fsproj", "{C432377C-E5C3-42E5-8BE7-386952F9F4B8}"
EndProject
Project("{F2A71F9B-5D33-465A-A702-920D77279786}") = "day10", "day10\day10.fsproj", "{7DE07652-38FA-4871-A333-34B207A9A109}"
EndProject
Global
	GlobalSection(SolutionConfigurationPlatforms) = preSolution
		Debug|Any CPU = Debug|Any CPU
		Release|Any CPU = Release|Any CPU
	EndGlobalSection
	GlobalSection(ProjectConfigurationPlatforms) = postSolution
		{49B7048C-4708-47A5-B6B4-2487BCA3B82C}.Debug|Any CPU.ActiveCfg = Debug|Any CPU
		{49B7048C-4708-47A5-B6B4-2487BCA3B82C}.Debug|Any CPU.Build.0 = Debug|Any CPU
		{49B7048C-4708-47A5-B6B4-2487BCA3B82C}.Release|Any CPU.ActiveCfg = Release|Any CPU
		{49B7048C-4708-47A5-B6B4-2487BCA3B82C}.Release|Any CPU.Build.0 = Release|Any CPU
		{9D4A9832-506F-447E-8540-5C009DC92276}.Debug|Any CPU.ActiveCfg = Debug|Any CPU
		{9D4A9832-506F-447E-8540-5C009DC92276}.Debug|Any CPU.Build.0 = Debug|Any CPU
		{9D4A9832-506F-447E-8540-5C009DC92276}.Release|Any CPU.ActiveCfg = Release|Any CPU
		{9D4A9832-506F-447E-8540-5C009DC92276}.Release|Any CPU.Build.0 = Release|Any CPU
		{DDDE56AC-9765-4AE8-BAA9-CDAF4DCC52FC}.Debug|Any CPU.ActiveCfg = Debug|Any CPU
		{DDDE56AC-9765-4AE8-BAA9-CDAF4DCC52FC}.Debug|Any CPU.Build.0 = Debug|Any CPU
		{DDDE56AC-9765-4AE8-BAA9-CDAF4DCC52FC}.Release|Any CPU.ActiveCfg = Release|Any CPU
		{DDDE56AC-9765-4AE8-BAA9-CDAF4DCC52FC}.Release|Any CPU.Build.0 = Release|Any CPU
		{A28BBE15-2D5C-46B0-A4B7-905E39B9D4FF}.Debug|Any CPU.ActiveCfg = Debug|Any CPU
		{A28BBE15-2D5C-46B0-A4B7-905E39B9D4FF}.Debug|Any CPU.Build.0 = Debug|Any CPU
		{A28BBE15-2D5C-46B0-A4B7-905E39B9D4FF}.Release|Any CPU.ActiveCfg = Release|Any CPU
		{A28BBE15-2D5C-46B0-A4B7-905E39B9D4FF}.Release|Any CPU.Build.0 = Release|Any CPU
		{F91BDA45-5FD2-4205-BBBB-24453559C3F4}.Debug|Any CPU.ActiveCfg = Debug|Any CPU
		{F91BDA45-5FD2-4205-BBBB-24453559C3F4}.Debug|Any CPU.Build.0 = Debug|Any CPU
		{F91BDA45-5FD2-4205-BBBB-24453559C3F4}.Release|Any CPU.ActiveCfg = Release|Any CPU
		{F91BDA45-5FD2-4205-BBBB-24453559C3F4}.Release|Any CPU.Build.0 = Release|Any CPU
		{A0812E40-1D69-41BC-A1E3-28E5AD0693BF}.Debug|Any CPU.ActiveCfg = Debug|Any CPU
		{A0812E40-1D69-41BC-A1E3-28E5AD0693BF}.Debug|Any CPU.Build.0 = Debug|Any CPU
		{A0812E40-1D69-41BC-A1E3-28E5AD0693BF}.Release|Any CPU.ActiveCfg = Release|Any CPU
		{A0812E40-1D69-41BC-A1E3-28E5AD0693BF}.Release|Any CPU.Build.0 = Release|Any CPU
		{F24CB5DD-D5B5-47DA-8142-B4511719401C}.Debug|Any CPU.ActiveCfg = Debug|Any CPU
		{F24CB5DD-D5B5-47DA-8142-B4511719401C}.Debug|Any CPU.Build.0 = Debug|Any CPU
		{F24CB5DD-D5B5-47DA-8142-B4511719401C}.Release|Any CPU.ActiveCfg = Release|Any CPU
		{F24CB5DD-D5B5-47DA-8142-B4511719401C}.Release|Any CPU.Build.0 = Release|Any CPU
		{F1E8EE98-AD29-4F6B-A1C6-512005F7F9F5}.Debug|Any CPU.ActiveCfg = Debug|Any CPU
		{F1E8EE98-AD29-4F6B-A1C6-512005F7F9F5}.Debug|Any CPU.Build.0 = Debug|Any CPU
		{F1E8EE98-AD29-4F6B-A1C6-512005F7F9F5}.Release|Any CPU.ActiveCfg = Release|Any CPU
		{F1E8EE98-AD29-4F6B-A1C6-512005F7F9F5}.Release|Any CPU.Build.0 = Release|Any CPU
		{9B1246BB-30BD-4B70-B026-1377F5F2C797}.Debug|Any CPU.ActiveCfg = Debug|Any CPU
		{9B1246BB-30BD-4B70-B026-1377F5F2C797}.Debug|Any CPU.Build.0 = Debug|Any CPU
		{9B1246BB-30BD-4B70-B026-1377F5F2C797}.Release|Any CPU.ActiveCfg = Release|Any CPU
		{9B1246BB-30BD-4B70-B026-1377F5F2C797}.Release|Any CPU.Build.0 = Release|Any CPU
		{C432377C-E5C3-42E5-8BE7-386952F9F4B8}.Debug|Any CPU.ActiveCfg = Debug|Any CPU
		{C432377C-E5C3-42E5-8BE7-386952F9F4B8}.Debug|Any CPU.Build.0 = Debug|Any CPU
		{C432377C-E5C3-42E5-8BE7-386952F9F4B8}.Release|Any CPU.ActiveCfg = Release|Any CPU
		{C432377C-E5C3-42E5-8BE7-386952F9F4B8}.Release|Any CPU.Build.0 = Release|Any CPU
		{7DE07652-38FA-4871-A333-34B207A9A109}.Debug|Any CPU.ActiveCfg = Debug|Any CPU
		{7DE07652-38FA-4871-A333-34B207A9A109}.Debug|Any CPU.Build.0 = Debug|Any CPU
		{7DE07652-38FA-4871-A333-34B207A9A109}.Release|Any CPU.ActiveCfg = Release|Any CPU
		{7DE07652-38FA-4871-A333-34B207A9A109}.Release|Any CPU.Build.0 = Release|Any CPU
	EndGlobalSection
EndGlobal
